// !$*UTF8*$!
{
	archiveVersion = 1;
	classes = {
	};
	objectVersion = 56;
	objects = {

/* Begin PBXBuildFile section */
		0CDDAD8FDBEBB85059EB1F91 /* Pods_moviesapp.framework in Frameworks */ = {isa = PBXBuildFile; fileRef = 7B08BBE5D10CCAE8F6453B84 /* Pods_moviesapp.framework */; };
		A06F52B72BE9BB9A007C7799 /* AppDelegate.swift in Sources */ = {isa = PBXBuildFile; fileRef = A06F52B62BE9BB9A007C7799 /* AppDelegate.swift */; };
		A06F52B92BE9BB9A007C7799 /* SceneDelegate.swift in Sources */ = {isa = PBXBuildFile; fileRef = A06F52B82BE9BB9A007C7799 /* SceneDelegate.swift */; };
		A06F52BB2BE9BB9A007C7799 /* ViewController.swift in Sources */ = {isa = PBXBuildFile; fileRef = A06F52BA2BE9BB9A007C7799 /* ViewController.swift */; };
		A06F52BE2BE9BB9A007C7799 /* Main.storyboard in Resources */ = {isa = PBXBuildFile; fileRef = A06F52BC2BE9BB9A007C7799 /* Main.storyboard */; };
		A06F52C02BE9BB9C007C7799 /* Assets.xcassets in Resources */ = {isa = PBXBuildFile; fileRef = A06F52BF2BE9BB9C007C7799 /* Assets.xcassets */; };
		A06F52C32BE9BB9C007C7799 /* LaunchScreen.storyboard in Resources */ = {isa = PBXBuildFile; fileRef = A06F52C12BE9BB9C007C7799 /* LaunchScreen.storyboard */; };
		A06F52D12BE9BE3E007C7799 /* LoginPresenter.swift in Sources */ = {isa = PBXBuildFile; fileRef = A06F52D02BE9BE3E007C7799 /* LoginPresenter.swift */; };
		A06F52D52BE9C18F007C7799 /* LoginModule.swift in Sources */ = {isa = PBXBuildFile; fileRef = A06F52D42BE9C18F007C7799 /* LoginModule.swift */; };
		A06F52D72BE9C2DB007C7799 /* LoginRouter.swift in Sources */ = {isa = PBXBuildFile; fileRef = A06F52D62BE9C2DB007C7799 /* LoginRouter.swift */; };
		A06F52D92BE9C320007C7799 /* LoginViewController.swift in Sources */ = {isa = PBXBuildFile; fileRef = A06F52D82BE9C320007C7799 /* LoginViewController.swift */; };
		A06F52E02BE9C6A7007C7799 /* MoviesViewController.swift in Sources */ = {isa = PBXBuildFile; fileRef = A06F52DF2BE9C6A7007C7799 /* MoviesViewController.swift */; };
		A06F52E22BE9C6B3007C7799 /* MoviesPresenter.swift in Sources */ = {isa = PBXBuildFile; fileRef = A06F52E12BE9C6B3007C7799 /* MoviesPresenter.swift */; };
		A06F52E52BE9C6C3007C7799 /* MoviesInteractor.swift in Sources */ = {isa = PBXBuildFile; fileRef = A06F52E42BE9C6C3007C7799 /* MoviesInteractor.swift */; };
		A06F52E72BE9C6CB007C7799 /* MoviesRouter.swift in Sources */ = {isa = PBXBuildFile; fileRef = A06F52E62BE9C6CB007C7799 /* MoviesRouter.swift */; };
		A06F52EA2BE9CA06007C7799 /* MovieEntity.swift in Sources */ = {isa = PBXBuildFile; fileRef = A06F52E92BE9CA06007C7799 /* MovieEntity.swift */; };
		A06F52EC2BE9CA1D007C7799 /* MoviesResponseEntity.swift in Sources */ = {isa = PBXBuildFile; fileRef = A06F52EB2BE9CA1D007C7799 /* MoviesResponseEntity.swift */; };
		A06F52EF2BE9CBCF007C7799 /* BaseServerManager.swift in Sources */ = {isa = PBXBuildFile; fileRef = A06F52EE2BE9CBCF007C7799 /* BaseServerManager.swift */; };
		A06F52F12BE9CC02007C7799 /* EndPoints.swift in Sources */ = {isa = PBXBuildFile; fileRef = A06F52F02BE9CC02007C7799 /* EndPoints.swift */; };
		A06F52F42BE9D124007C7799 /* MovieModel.swift in Sources */ = {isa = PBXBuildFile; fileRef = A06F52F32BE9D124007C7799 /* MovieModel.swift */; };
		A06F52FB2BEA696F007C7799 /* MovieViewCell.swift in Sources */ = {isa = PBXBuildFile; fileRef = A06F52F92BEA696F007C7799 /* MovieViewCell.swift */; };
		A06F52FC2BEA696F007C7799 /* MovieViewCell.xib in Resources */ = {isa = PBXBuildFile; fileRef = A06F52FA2BEA696F007C7799 /* MovieViewCell.xib */; };
		A06F53022BEB3BDD007C7799 /* MovieDetailRouter.swift in Sources */ = {isa = PBXBuildFile; fileRef = A06F53012BEB3BDD007C7799 /* MovieDetailRouter.swift */; };
		A06F53042BEB3BE7007C7799 /* MovieDetailPresenter.swift in Sources */ = {isa = PBXBuildFile; fileRef = A06F53032BEB3BE7007C7799 /* MovieDetailPresenter.swift */; };
		A06F53062BEB3BEF007C7799 /* MovieDetailViewController.swift in Sources */ = {isa = PBXBuildFile; fileRef = A06F53052BEB3BEF007C7799 /* MovieDetailViewController.swift */; };
		A06F530A2BEB53D2007C7799 /* MovieDb.xcdatamodeld in Sources */ = {isa = PBXBuildFile; fileRef = A06F53082BEB53D2007C7799 /* MovieDb.xcdatamodeld */; };
		A0D966152BEBCF170021C955 /* LoginInteractor.swift in Sources */ = {isa = PBXBuildFile; fileRef = A0D966142BEBCF170021C955 /* LoginInteractor.swift */; };
/* End PBXBuildFile section */

/* Begin PBXFileReference section */
		3F54AC81BB940995DCA501AE /* Pods-moviesapp.debug.xcconfig */ = {isa = PBXFileReference; includeInIndex = 1; lastKnownFileType = text.xcconfig; name = "Pods-moviesapp.debug.xcconfig"; path = "Target Support Files/Pods-moviesapp/Pods-moviesapp.debug.xcconfig"; sourceTree = "<group>"; };
		7B08BBE5D10CCAE8F6453B84 /* Pods_moviesapp.framework */ = {isa = PBXFileReference; explicitFileType = wrapper.framework; includeInIndex = 0; path = Pods_moviesapp.framework; sourceTree = BUILT_PRODUCTS_DIR; };
		A06F52B32BE9BB9A007C7799 /* moviesapp.app */ = {isa = PBXFileReference; explicitFileType = wrapper.application; includeInIndex = 0; path = moviesapp.app; sourceTree = BUILT_PRODUCTS_DIR; };
		A06F52B62BE9BB9A007C7799 /* AppDelegate.swift */ = {isa = PBXFileReference; lastKnownFileType = sourcecode.swift; path = AppDelegate.swift; sourceTree = "<group>"; };
		A06F52B82BE9BB9A007C7799 /* SceneDelegate.swift */ = {isa = PBXFileReference; lastKnownFileType = sourcecode.swift; path = SceneDelegate.swift; sourceTree = "<group>"; };
		A06F52BA2BE9BB9A007C7799 /* ViewController.swift */ = {isa = PBXFileReference; lastKnownFileType = sourcecode.swift; path = ViewController.swift; sourceTree = "<group>"; };
		A06F52BD2BE9BB9A007C7799 /* Base */ = {isa = PBXFileReference; lastKnownFileType = file.storyboard; name = Base; path = Base.lproj/Main.storyboard; sourceTree = "<group>"; };
		A06F52BF2BE9BB9C007C7799 /* Assets.xcassets */ = {isa = PBXFileReference; lastKnownFileType = folder.assetcatalog; path = Assets.xcassets; sourceTree = "<group>"; };
		A06F52C22BE9BB9C007C7799 /* Base */ = {isa = PBXFileReference; lastKnownFileType = file.storyboard; name = Base; path = Base.lproj/LaunchScreen.storyboard; sourceTree = "<group>"; };
		A06F52C42BE9BB9C007C7799 /* Info.plist */ = {isa = PBXFileReference; lastKnownFileType = text.plist.xml; path = Info.plist; sourceTree = "<group>"; };
		A06F52D02BE9BE3E007C7799 /* LoginPresenter.swift */ = {isa = PBXFileReference; lastKnownFileType = sourcecode.swift; path = LoginPresenter.swift; sourceTree = "<group>"; };
		A06F52D42BE9C18F007C7799 /* LoginModule.swift */ = {isa = PBXFileReference; lastKnownFileType = sourcecode.swift; path = LoginModule.swift; sourceTree = "<group>"; };
		A06F52D62BE9C2DB007C7799 /* LoginRouter.swift */ = {isa = PBXFileReference; lastKnownFileType = sourcecode.swift; path = LoginRouter.swift; sourceTree = "<group>"; };
		A06F52D82BE9C320007C7799 /* LoginViewController.swift */ = {isa = PBXFileReference; lastKnownFileType = sourcecode.swift; path = LoginViewController.swift; sourceTree = "<group>"; };
		A06F52DF2BE9C6A7007C7799 /* MoviesViewController.swift */ = {isa = PBXFileReference; lastKnownFileType = sourcecode.swift; path = MoviesViewController.swift; sourceTree = "<group>"; };
		A06F52E12BE9C6B3007C7799 /* MoviesPresenter.swift */ = {isa = PBXFileReference; lastKnownFileType = sourcecode.swift; path = MoviesPresenter.swift; sourceTree = "<group>"; };
		A06F52E42BE9C6C3007C7799 /* MoviesInteractor.swift */ = {isa = PBXFileReference; lastKnownFileType = sourcecode.swift; path = MoviesInteractor.swift; sourceTree = "<group>"; };
		A06F52E62BE9C6CB007C7799 /* MoviesRouter.swift */ = {isa = PBXFileReference; lastKnownFileType = sourcecode.swift; path = MoviesRouter.swift; sourceTree = "<group>"; };
		A06F52E92BE9CA06007C7799 /* MovieEntity.swift */ = {isa = PBXFileReference; lastKnownFileType = sourcecode.swift; path = MovieEntity.swift; sourceTree = "<group>"; };
		A06F52EB2BE9CA1D007C7799 /* MoviesResponseEntity.swift */ = {isa = PBXFileReference; lastKnownFileType = sourcecode.swift; path = MoviesResponseEntity.swift; sourceTree = "<group>"; };
		A06F52EE2BE9CBCF007C7799 /* BaseServerManager.swift */ = {isa = PBXFileReference; lastKnownFileType = sourcecode.swift; path = BaseServerManager.swift; sourceTree = "<group>"; };
		A06F52F02BE9CC02007C7799 /* EndPoints.swift */ = {isa = PBXFileReference; lastKnownFileType = sourcecode.swift; path = EndPoints.swift; sourceTree = "<group>"; };
		A06F52F32BE9D124007C7799 /* MovieModel.swift */ = {isa = PBXFileReference; lastKnownFileType = sourcecode.swift; path = MovieModel.swift; sourceTree = "<group>"; };
		A06F52F92BEA696F007C7799 /* MovieViewCell.swift */ = {isa = PBXFileReference; lastKnownFileType = sourcecode.swift; path = MovieViewCell.swift; sourceTree = "<group>"; };
		A06F52FA2BEA696F007C7799 /* MovieViewCell.xib */ = {isa = PBXFileReference; lastKnownFileType = file.xib; path = MovieViewCell.xib; sourceTree = "<group>"; };
		A06F53012BEB3BDD007C7799 /* MovieDetailRouter.swift */ = {isa = PBXFileReference; lastKnownFileType = sourcecode.swift; path = MovieDetailRouter.swift; sourceTree = "<group>"; };
		A06F53032BEB3BE7007C7799 /* MovieDetailPresenter.swift */ = {isa = PBXFileReference; lastKnownFileType = sourcecode.swift; name = MovieDetailPresenter.swift; path = ../../../../../../MovieDetailPresenter.swift; sourceTree = "<group>"; };
		A06F53052BEB3BEF007C7799 /* MovieDetailViewController.swift */ = {isa = PBXFileReference; lastKnownFileType = sourcecode.swift; path = MovieDetailViewController.swift; sourceTree = "<group>"; };
		A06F53092BEB53D2007C7799 /* MovieDb.xcdatamodel */ = {isa = PBXFileReference; lastKnownFileType = wrapper.xcdatamodel; path = MovieDb.xcdatamodel; sourceTree = "<group>"; };
		A0D966142BEBCF170021C955 /* LoginInteractor.swift */ = {isa = PBXFileReference; lastKnownFileType = sourcecode.swift; path = LoginInteractor.swift; sourceTree = "<group>"; };
		ABB79ACEE42EF149C59DCAEB /* Pods-moviesapp.release.xcconfig */ = {isa = PBXFileReference; includeInIndex = 1; lastKnownFileType = text.xcconfig; name = "Pods-moviesapp.release.xcconfig"; path = "Target Support Files/Pods-moviesapp/Pods-moviesapp.release.xcconfig"; sourceTree = "<group>"; };
/* End PBXFileReference section */

/* Begin PBXFrameworksBuildPhase section */
		A06F52B02BE9BB9A007C7799 /* Frameworks */ = {
			isa = PBXFrameworksBuildPhase;
			buildActionMask = 2147483647;
			files = (
				0CDDAD8FDBEBB85059EB1F91 /* Pods_moviesapp.framework in Frameworks */,
			);
			runOnlyForDeploymentPostprocessing = 0;
		};
/* End PBXFrameworksBuildPhase section */

/* Begin PBXGroup section */
		3571DCAADA90735A5244CAE1 /* Frameworks */ = {
			isa = PBXGroup;
			children = (
				7B08BBE5D10CCAE8F6453B84 /* Pods_moviesapp.framework */,
			);
			name = Frameworks;
			sourceTree = "<group>";
		};
		A06F52AA2BE9BB9A007C7799 = {
			isa = PBXGroup;
			children = (
				A06F52B52BE9BB9A007C7799 /* moviesapp */,
				A06F52B42BE9BB9A007C7799 /* Products */,
				C8E23570690411CB83A5C8B2 /* Pods */,
				3571DCAADA90735A5244CAE1 /* Frameworks */,
			);
			sourceTree = "<group>";
		};
		A06F52B42BE9BB9A007C7799 /* Products */ = {
			isa = PBXGroup;
			children = (
				A06F52B32BE9BB9A007C7799 /* moviesapp.app */,
			);
			name = Products;
			sourceTree = "<group>";
		};
		A06F52B52BE9BB9A007C7799 /* moviesapp */ = {
			isa = PBXGroup;
			children = (
				A06F530D2BEB56A4007C7799 /* Storage */,
				A06F52F22BE9CC51007C7799 /* Service */,
				A06F52ED2BE9CBA9007C7799 /* MovieDB */,
				A06F52CA2BE9BDA5007C7799 /* Modules */,
				A06F52B62BE9BB9A007C7799 /* AppDelegate.swift */,
				A06F52B82BE9BB9A007C7799 /* SceneDelegate.swift */,
				A06F52BA2BE9BB9A007C7799 /* ViewController.swift */,
				A06F52BC2BE9BB9A007C7799 /* Main.storyboard */,
				A06F52FA2BEA696F007C7799 /* MovieViewCell.xib */,
				A06F52BF2BE9BB9C007C7799 /* Assets.xcassets */,
				A06F52C12BE9BB9C007C7799 /* LaunchScreen.storyboard */,
				A06F52C42BE9BB9C007C7799 /* Info.plist */,
			);
			path = moviesapp;
			sourceTree = "<group>";
		};
		A06F52CA2BE9BDA5007C7799 /* Modules */ = {
			isa = PBXGroup;
			children = (
				A06F52FD2BEB3B9D007C7799 /* MovieDetailModule */,
				A06F52DA2BE9C5AA007C7799 /* MoviesModule */,
				A06F52CB2BE9BDAB007C7799 /* LoginModule */,
			);
			path = Modules;
			sourceTree = "<group>";
		};
		A06F52CB2BE9BDAB007C7799 /* LoginModule */ = {
			isa = PBXGroup;
			children = (
				A06F52CF2BE9BDDA007C7799 /* Router */,
				A06F52CE2BE9BDD1007C7799 /* Interactor */,
				A06F52CD2BE9BDCA007C7799 /* Presenter */,
				A06F52CC2BE9BDBF007C7799 /* View */,
				A06F52D42BE9C18F007C7799 /* LoginModule.swift */,
			);
			path = LoginModule;
			sourceTree = "<group>";
		};
		A06F52CC2BE9BDBF007C7799 /* View */ = {
			isa = PBXGroup;
			children = (
				A06F52D82BE9C320007C7799 /* LoginViewController.swift */,
			);
			path = View;
			sourceTree = "<group>";
		};
		A06F52CD2BE9BDCA007C7799 /* Presenter */ = {
			isa = PBXGroup;
			children = (
				A06F52D02BE9BE3E007C7799 /* LoginPresenter.swift */,
			);
			path = Presenter;
			sourceTree = "<group>";
		};
		A06F52CE2BE9BDD1007C7799 /* Interactor */ = {
			isa = PBXGroup;
			children = (
				A0D966142BEBCF170021C955 /* LoginInteractor.swift */,
			);
			path = Interactor;
			sourceTree = "<group>";
		};
		A06F52CF2BE9BDDA007C7799 /* Router */ = {
			isa = PBXGroup;
			children = (
				A06F52D62BE9C2DB007C7799 /* LoginRouter.swift */,
			);
			path = Router;
			sourceTree = "<group>";
		};
		A06F52DA2BE9C5AA007C7799 /* MoviesModule */ = {
			isa = PBXGroup;
			children = (
				A06F52E82BE9C74C007C7799 /* Entity */,
				A06F52DE2BE9C5CE007C7799 /* Router */,
				A06F52DD2BE9C5C6007C7799 /* Interactor */,
				A06F52DC2BE9C5BD007C7799 /* Presenter */,
				A06F52DB2BE9C5B8007C7799 /* View */,
			);
			path = MoviesModule;
			sourceTree = "<group>";
		};
		A06F52DB2BE9C5B8007C7799 /* View */ = {
			isa = PBXGroup;
			children = (
				A06F52DF2BE9C6A7007C7799 /* MoviesViewController.swift */,
				A06F52F92BEA696F007C7799 /* MovieViewCell.swift */,
			);
			path = View;
			sourceTree = "<group>";
		};
		A06F52DC2BE9C5BD007C7799 /* Presenter */ = {
			isa = PBXGroup;
			children = (
				A06F52E12BE9C6B3007C7799 /* MoviesPresenter.swift */,
			);
			path = Presenter;
			sourceTree = "<group>";
		};
		A06F52DD2BE9C5C6007C7799 /* Interactor */ = {
			isa = PBXGroup;
			children = (
				A06F52E42BE9C6C3007C7799 /* MoviesInteractor.swift */,
			);
			path = Interactor;
			sourceTree = "<group>";
		};
		A06F52DE2BE9C5CE007C7799 /* Router */ = {
			isa = PBXGroup;
			children = (
				A06F52E62BE9C6CB007C7799 /* MoviesRouter.swift */,
			);
			path = Router;
			sourceTree = "<group>";
		};
		A06F52E82BE9C74C007C7799 /* Entity */ = {
			isa = PBXGroup;
			children = (
				A06F52E92BE9CA06007C7799 /* MovieEntity.swift */,
				A06F52EB2BE9CA1D007C7799 /* MoviesResponseEntity.swift */,
				A06F52F32BE9D124007C7799 /* MovieModel.swift */,
			);
			path = Entity;
			sourceTree = "<group>";
		};
		A06F52ED2BE9CBA9007C7799 /* MovieDB */ = {
			isa = PBXGroup;
			children = (
				A06F52F02BE9CC02007C7799 /* EndPoints.swift */,
			);
			path = MovieDB;
			sourceTree = "<group>";
		};
		A06F52F22BE9CC51007C7799 /* Service */ = {
			isa = PBXGroup;
			children = (
				A06F52EE2BE9CBCF007C7799 /* BaseServerManager.swift */,
			);
			path = Service;
			sourceTree = "<group>";
		};
		A06F52FD2BEB3B9D007C7799 /* MovieDetailModule */ = {
			isa = PBXGroup;
			children = (
				A06F53002BEB3BB7007C7799 /* Router */,
				A06F52FF2BEB3BB2007C7799 /* Presenter */,
				A06F52FE2BEB3BAC007C7799 /* View */,
			);
			path = MovieDetailModule;
			sourceTree = "<group>";
		};
		A06F52FE2BEB3BAC007C7799 /* View */ = {
			isa = PBXGroup;
			children = (
				A06F53052BEB3BEF007C7799 /* MovieDetailViewController.swift */,
			);
			path = View;
			sourceTree = "<group>";
		};
		A06F52FF2BEB3BB2007C7799 /* Presenter */ = {
			isa = PBXGroup;
			children = (
				A06F53032BEB3BE7007C7799 /* MovieDetailPresenter.swift */,
			);
			path = Presenter;
			sourceTree = "<group>";
		};
		A06F53002BEB3BB7007C7799 /* Router */ = {
			isa = PBXGroup;
			children = (
				A06F53012BEB3BDD007C7799 /* MovieDetailRouter.swift */,
			);
			path = Router;
			sourceTree = "<group>";
		};
		A06F530D2BEB56A4007C7799 /* Storage */ = {
			isa = PBXGroup;
			children = (
				A06F53082BEB53D2007C7799 /* MovieDb.xcdatamodeld */,
			);
			path = Storage;
			sourceTree = "<group>";
		};
		C8E23570690411CB83A5C8B2 /* Pods */ = {
			isa = PBXGroup;
			children = (
				3F54AC81BB940995DCA501AE /* Pods-moviesapp.debug.xcconfig */,
				ABB79ACEE42EF149C59DCAEB /* Pods-moviesapp.release.xcconfig */,
			);
			path = Pods;
			sourceTree = "<group>";
		};
/* End PBXGroup section */

/* Begin PBXNativeTarget section */
		A06F52B22BE9BB9A007C7799 /* moviesapp */ = {
			isa = PBXNativeTarget;
			buildConfigurationList = A06F52C72BE9BB9C007C7799 /* Build configuration list for PBXNativeTarget "moviesapp" */;
			buildPhases = (
				9CF7DD584BFF54BC173FCA06 /* [CP] Check Pods Manifest.lock */,
				A06F52AF2BE9BB9A007C7799 /* Sources */,
				A06F52B02BE9BB9A007C7799 /* Frameworks */,
				A06F52B12BE9BB9A007C7799 /* Resources */,
				B3BD2580FC92529BDE18C20F /* [CP] Embed Pods Frameworks */,
			);
			buildRules = (
			);
			dependencies = (
			);
			name = moviesapp;
			productName = moviesapp;
			productReference = A06F52B32BE9BB9A007C7799 /* moviesapp.app */;
			productType = "com.apple.product-type.application";
		};
/* End PBXNativeTarget section */

/* Begin PBXProject section */
		A06F52AB2BE9BB9A007C7799 /* Project object */ = {
			isa = PBXProject;
			attributes = {
				BuildIndependentTargetsInParallel = 1;
				LastSwiftUpdateCheck = 1520;
				LastUpgradeCheck = 1520;
				TargetAttributes = {
					A06F52B22BE9BB9A007C7799 = {
						CreatedOnToolsVersion = 15.2;
					};
				};
			};
			buildConfigurationList = A06F52AE2BE9BB9A007C7799 /* Build configuration list for PBXProject "moviesapp" */;
			compatibilityVersion = "Xcode 14.0";
			developmentRegion = en;
			hasScannedForEncodings = 0;
			knownRegions = (
				en,
				Base,
			);
			mainGroup = A06F52AA2BE9BB9A007C7799;
			productRefGroup = A06F52B42BE9BB9A007C7799 /* Products */;
			projectDirPath = "";
			projectRoot = "";
			targets = (
				A06F52B22BE9BB9A007C7799 /* moviesapp */,
			);
		};
/* End PBXProject section */

/* Begin PBXResourcesBuildPhase section */
		A06F52B12BE9BB9A007C7799 /* Resources */ = {
			isa = PBXResourcesBuildPhase;
			buildActionMask = 2147483647;
			files = (
				A06F52C32BE9BB9C007C7799 /* LaunchScreen.storyboard in Resources */,
				A06F52FC2BEA696F007C7799 /* MovieViewCell.xib in Resources */,
				A06F52C02BE9BB9C007C7799 /* Assets.xcassets in Resources */,
				A06F52BE2BE9BB9A007C7799 /* Main.storyboard in Resources */,
			);
			runOnlyForDeploymentPostprocessing = 0;
		};
/* End PBXResourcesBuildPhase section */

/* Begin PBXShellScriptBuildPhase section */
		9CF7DD584BFF54BC173FCA06 /* [CP] Check Pods Manifest.lock */ = {
			isa = PBXShellScriptBuildPhase;
			buildActionMask = 2147483647;
			files = (
			);
			inputFileListPaths = (
			);
			inputPaths = (
				"${PODS_PODFILE_DIR_PATH}/Podfile.lock",
				"${PODS_ROOT}/Manifest.lock",
			);
			name = "[CP] Check Pods Manifest.lock";
			outputFileListPaths = (
			);
			outputPaths = (
				"$(DERIVED_FILE_DIR)/Pods-moviesapp-checkManifestLockResult.txt",
			);
			runOnlyForDeploymentPostprocessing = 0;
			shellPath = /bin/sh;
			shellScript = "diff \"${PODS_PODFILE_DIR_PATH}/Podfile.lock\" \"${PODS_ROOT}/Manifest.lock\" > /dev/null\nif [ $? != 0 ] ; then\n    # print error to STDERR\n    echo \"error: The sandbox is not in sync with the Podfile.lock. Run 'pod install' or update your CocoaPods installation.\" >&2\n    exit 1\nfi\n# This output is used by Xcode 'outputs' to avoid re-running this script phase.\necho \"SUCCESS\" > \"${SCRIPT_OUTPUT_FILE_0}\"\n";
			showEnvVarsInLog = 0;
		};
		B3BD2580FC92529BDE18C20F /* [CP] Embed Pods Frameworks */ = {
			isa = PBXShellScriptBuildPhase;
			buildActionMask = 2147483647;
			files = (
			);
			inputFileListPaths = (
				"${PODS_ROOT}/Target Support Files/Pods-moviesapp/Pods-moviesapp-frameworks-${CONFIGURATION}-input-files.xcfilelist",
			);
			name = "[CP] Embed Pods Frameworks";
			outputFileListPaths = (
				"${PODS_ROOT}/Target Support Files/Pods-moviesapp/Pods-moviesapp-frameworks-${CONFIGURATION}-output-files.xcfilelist",
			);
			runOnlyForDeploymentPostprocessing = 0;
			shellPath = /bin/sh;
			shellScript = "\"${PODS_ROOT}/Target Support Files/Pods-moviesapp/Pods-moviesapp-frameworks.sh\"\n";
			showEnvVarsInLog = 0;
		};
/* End PBXShellScriptBuildPhase section */

/* Begin PBXSourcesBuildPhase section */
		A06F52AF2BE9BB9A007C7799 /* Sources */ = {
			isa = PBXSourcesBuildPhase;
			buildActionMask = 2147483647;
			files = (
				A06F53022BEB3BDD007C7799 /* MovieDetailRouter.swift in Sources */,
				A06F52D92BE9C320007C7799 /* LoginViewController.swift in Sources */,
				A06F52F12BE9CC02007C7799 /* EndPoints.swift in Sources */,
				A06F52D12BE9BE3E007C7799 /* LoginPresenter.swift in Sources */,
				A06F52E22BE9C6B3007C7799 /* MoviesPresenter.swift in Sources */,
				A06F52EF2BE9CBCF007C7799 /* BaseServerManager.swift in Sources */,
				A06F53042BEB3BE7007C7799 /* MovieDetailPresenter.swift in Sources */,
				A06F52E52BE9C6C3007C7799 /* MoviesInteractor.swift in Sources */,
				A06F530A2BEB53D2007C7799 /* MovieDb.xcdatamodeld in Sources */,
				A06F52BB2BE9BB9A007C7799 /* ViewController.swift in Sources */,
				A06F52E72BE9C6CB007C7799 /* MoviesRouter.swift in Sources */,
				A06F52EC2BE9CA1D007C7799 /* MoviesResponseEntity.swift in Sources */,
				A0D966152BEBCF170021C955 /* LoginInteractor.swift in Sources */,
				A06F52D72BE9C2DB007C7799 /* LoginRouter.swift in Sources */,
				A06F52FB2BEA696F007C7799 /* MovieViewCell.swift in Sources */,
				A06F52B72BE9BB9A007C7799 /* AppDelegate.swift in Sources */,
				A06F52D52BE9C18F007C7799 /* LoginModule.swift in Sources */,
				A06F52F42BE9D124007C7799 /* MovieModel.swift in Sources */,
				A06F53062BEB3BEF007C7799 /* MovieDetailViewController.swift in Sources */,
				A06F52EA2BE9CA06007C7799 /* MovieEntity.swift in Sources */,
				A06F52B92BE9BB9A007C7799 /* SceneDelegate.swift in Sources */,
				A06F52E02BE9C6A7007C7799 /* MoviesViewController.swift in Sources */,
			);
			runOnlyForDeploymentPostprocessing = 0;
		};
/* End PBXSourcesBuildPhase section */

/* Begin PBXVariantGroup section */
		A06F52BC2BE9BB9A007C7799 /* Main.storyboard */ = {
			isa = PBXVariantGroup;
			children = (
				A06F52BD2BE9BB9A007C7799 /* Base */,
			);
			name = Main.storyboard;
			sourceTree = "<group>";
		};
		A06F52C12BE9BB9C007C7799 /* LaunchScreen.storyboard */ = {
			isa = PBXVariantGroup;
			children = (
				A06F52C22BE9BB9C007C7799 /* Base */,
			);
			name = LaunchScreen.storyboard;
			sourceTree = "<group>";
		};
/* End PBXVariantGroup section */

/* Begin XCBuildConfiguration section */
		A06F52C52BE9BB9C007C7799 /* Debug */ = {
			isa = XCBuildConfiguration;
			buildSettings = {
				ALWAYS_SEARCH_USER_PATHS = NO;
				ASSETCATALOG_COMPILER_GENERATE_SWIFT_ASSET_SYMBOL_EXTENSIONS = YES;
				CLANG_ANALYZER_NONNULL = YES;
				CLANG_ANALYZER_NUMBER_OBJECT_CONVERSION = YES_AGGRESSIVE;
				CLANG_CXX_LANGUAGE_STANDARD = "gnu++20";
				CLANG_ENABLE_MODULES = YES;
				CLANG_ENABLE_OBJC_ARC = YES;
				CLANG_ENABLE_OBJC_WEAK = YES;
				CLANG_WARN_BLOCK_CAPTURE_AUTORELEASING = YES;
				CLANG_WARN_BOOL_CONVERSION = YES;
				CLANG_WARN_COMMA = YES;
				CLANG_WARN_CONSTANT_CONVERSION = YES;
				CLANG_WARN_DEPRECATED_OBJC_IMPLEMENTATIONS = YES;
				CLANG_WARN_DIRECT_OBJC_ISA_USAGE = YES_ERROR;
				CLANG_WARN_DOCUMENTATION_COMMENTS = YES;
				CLANG_WARN_EMPTY_BODY = YES;
				CLANG_WARN_ENUM_CONVERSION = YES;
				CLANG_WARN_INFINITE_RECURSION = YES;
				CLANG_WARN_INT_CONVERSION = YES;
				CLANG_WARN_NON_LITERAL_NULL_CONVERSION = YES;
				CLANG_WARN_OBJC_IMPLICIT_RETAIN_SELF = YES;
				CLANG_WARN_OBJC_LITERAL_CONVERSION = YES;
				CLANG_WARN_OBJC_ROOT_CLASS = YES_ERROR;
				CLANG_WARN_QUOTED_INCLUDE_IN_FRAMEWORK_HEADER = YES;
				CLANG_WARN_RANGE_LOOP_ANALYSIS = YES;
				CLANG_WARN_STRICT_PROTOTYPES = YES;
				CLANG_WARN_SUSPICIOUS_MOVE = YES;
				CLANG_WARN_UNGUARDED_AVAILABILITY = YES_AGGRESSIVE;
				CLANG_WARN_UNREACHABLE_CODE = YES;
				CLANG_WARN__DUPLICATE_METHOD_MATCH = YES;
				COPY_PHASE_STRIP = NO;
				DEBUG_INFORMATION_FORMAT = dwarf;
				ENABLE_STRICT_OBJC_MSGSEND = YES;
				ENABLE_TESTABILITY = YES;
				ENABLE_USER_SCRIPT_SANDBOXING = YES;
				GCC_C_LANGUAGE_STANDARD = gnu17;
				GCC_DYNAMIC_NO_PIC = NO;
				GCC_NO_COMMON_BLOCKS = YES;
				GCC_OPTIMIZATION_LEVEL = 0;
				GCC_PREPROCESSOR_DEFINITIONS = (
					"DEBUG=1",
					"$(inherited)",
				);
				GCC_WARN_64_TO_32_BIT_CONVERSION = YES;
				GCC_WARN_ABOUT_RETURN_TYPE = YES_ERROR;
				GCC_WARN_UNDECLARED_SELECTOR = YES;
				GCC_WARN_UNINITIALIZED_AUTOS = YES_AGGRESSIVE;
				GCC_WARN_UNUSED_FUNCTION = YES;
				GCC_WARN_UNUSED_VARIABLE = YES;
				IPHONEOS_DEPLOYMENT_TARGET = 17.2;
				LOCALIZATION_PREFERS_STRING_CATALOGS = YES;
				MTL_ENABLE_DEBUG_INFO = INCLUDE_SOURCE;
				MTL_FAST_MATH = YES;
				ONLY_ACTIVE_ARCH = YES;
				SDKROOT = iphoneos;
				SWIFT_ACTIVE_COMPILATION_CONDITIONS = "DEBUG $(inherited)";
				SWIFT_OPTIMIZATION_LEVEL = "-Onone";
			};
			name = Debug;
		};
		A06F52C62BE9BB9C007C7799 /* Release */ = {
			isa = XCBuildConfiguration;
			buildSettings = {
				ALWAYS_SEARCH_USER_PATHS = NO;
				ASSETCATALOG_COMPILER_GENERATE_SWIFT_ASSET_SYMBOL_EXTENSIONS = YES;
				CLANG_ANALYZER_NONNULL = YES;
				CLANG_ANALYZER_NUMBER_OBJECT_CONVERSION = YES_AGGRESSIVE;
				CLANG_CXX_LANGUAGE_STANDARD = "gnu++20";
				CLANG_ENABLE_MODULES = YES;
				CLANG_ENABLE_OBJC_ARC = YES;
				CLANG_ENABLE_OBJC_WEAK = YES;
				CLANG_WARN_BLOCK_CAPTURE_AUTORELEASING = YES;
				CLANG_WARN_BOOL_CONVERSION = YES;
				CLANG_WARN_COMMA = YES;
				CLANG_WARN_CONSTANT_CONVERSION = YES;
				CLANG_WARN_DEPRECATED_OBJC_IMPLEMENTATIONS = YES;
				CLANG_WARN_DIRECT_OBJC_ISA_USAGE = YES_ERROR;
				CLANG_WARN_DOCUMENTATION_COMMENTS = YES;
				CLANG_WARN_EMPTY_BODY = YES;
				CLANG_WARN_ENUM_CONVERSION = YES;
				CLANG_WARN_INFINITE_RECURSION = YES;
				CLANG_WARN_INT_CONVERSION = YES;
				CLANG_WARN_NON_LITERAL_NULL_CONVERSION = YES;
				CLANG_WARN_OBJC_IMPLICIT_RETAIN_SELF = YES;
				CLANG_WARN_OBJC_LITERAL_CONVERSION = YES;
				CLANG_WARN_OBJC_ROOT_CLASS = YES_ERROR;
				CLANG_WARN_QUOTED_INCLUDE_IN_FRAMEWORK_HEADER = YES;
				CLANG_WARN_RANGE_LOOP_ANALYSIS = YES;
				CLANG_WARN_STRICT_PROTOTYPES = YES;
				CLANG_WARN_SUSPICIOUS_MOVE = YES;
				CLANG_WARN_UNGUARDED_AVAILABILITY = YES_AGGRESSIVE;
				CLANG_WARN_UNREACHABLE_CODE = YES;
				CLANG_WARN__DUPLICATE_METHOD_MATCH = YES;
				COPY_PHASE_STRIP = NO;
				DEBUG_INFORMATION_FORMAT = "dwarf-with-dsym";
				ENABLE_NS_ASSERTIONS = NO;
				ENABLE_STRICT_OBJC_MSGSEND = YES;
				ENABLE_USER_SCRIPT_SANDBOXING = YES;
				GCC_C_LANGUAGE_STANDARD = gnu17;
				GCC_NO_COMMON_BLOCKS = YES;
				GCC_WARN_64_TO_32_BIT_CONVERSION = YES;
				GCC_WARN_ABOUT_RETURN_TYPE = YES_ERROR;
				GCC_WARN_UNDECLARED_SELECTOR = YES;
				GCC_WARN_UNINITIALIZED_AUTOS = YES_AGGRESSIVE;
				GCC_WARN_UNUSED_FUNCTION = YES;
				GCC_WARN_UNUSED_VARIABLE = YES;
				IPHONEOS_DEPLOYMENT_TARGET = 17.2;
				LOCALIZATION_PREFERS_STRING_CATALOGS = YES;
				MTL_ENABLE_DEBUG_INFO = NO;
				MTL_FAST_MATH = YES;
				SDKROOT = iphoneos;
				SWIFT_COMPILATION_MODE = wholemodule;
				VALIDATE_PRODUCT = YES;
			};
			name = Release;
		};
		A06F52C82BE9BB9C007C7799 /* Debug */ = {
			isa = XCBuildConfiguration;
			baseConfigurationReference = 3F54AC81BB940995DCA501AE /* Pods-moviesapp.debug.xcconfig */;
			buildSettings = {
				ASSETCATALOG_COMPILER_APPICON_NAME = AppIcon;
				ASSETCATALOG_COMPILER_GLOBAL_ACCENT_COLOR_NAME = AccentColor;
				CODE_SIGN_STYLE = Automatic;
				CURRENT_PROJECT_VERSION = 1;
				DEVELOPMENT_TEAM = T5448T663N;
				GENERATE_INFOPLIST_FILE = YES;
				INFOPLIST_FILE = moviesapp/Info.plist;
				INFOPLIST_KEY_UIApplicationSupportsIndirectInputEvents = YES;
				INFOPLIST_KEY_UILaunchStoryboardName = LaunchScreen;
				INFOPLIST_KEY_UIMainStoryboardFile = Main;
				INFOPLIST_KEY_UISupportedInterfaceOrientations_iPad = "UIInterfaceOrientationPortrait UIInterfaceOrientationPortraitUpsideDown UIInterfaceOrientationLandscapeLeft UIInterfaceOrientationLandscapeRight";
				INFOPLIST_KEY_UISupportedInterfaceOrientations_iPhone = "UIInterfaceOrientationPortrait UIInterfaceOrientationLandscapeLeft UIInterfaceOrientationLandscapeRight";
				LD_RUNPATH_SEARCH_PATHS = (
					"$(inherited)",
					"@executable_path/Frameworks",
				);
				MARKETING_VERSION = 1.0;
				PRODUCT_BUNDLE_IDENTIFIER = pe.com.nttdata.moviesapp;
				PRODUCT_NAME = "$(TARGET_NAME)";
				SWIFT_EMIT_LOC_STRINGS = YES;
				SWIFT_VERSION = 5.0;
				TARGETED_DEVICE_FAMILY = "1,2";
			};
			name = Debug;
		};
		A06F52C92BE9BB9C007C7799 /* Release */ = {
			isa = XCBuildConfiguration;
			baseConfigurationReference = ABB79ACEE42EF149C59DCAEB /* Pods-moviesapp.release.xcconfig */;
			buildSettings = {
				ASSETCATALOG_COMPILER_APPICON_NAME = AppIcon;
				ASSETCATALOG_COMPILER_GLOBAL_ACCENT_COLOR_NAME = AccentColor;
				CODE_SIGN_STYLE = Automatic;
				CURRENT_PROJECT_VERSION = 1;
				DEVELOPMENT_TEAM = T5448T663N;
				GENERATE_INFOPLIST_FILE = YES;
				INFOPLIST_FILE = moviesapp/Info.plist;
				INFOPLIST_KEY_UIApplicationSupportsIndirectInputEvents = YES;
				INFOPLIST_KEY_UILaunchStoryboardName = LaunchScreen;
				INFOPLIST_KEY_UIMainStoryboardFile = Main;
				INFOPLIST_KEY_UISupportedInterfaceOrientations_iPad = "UIInterfaceOrientationPortrait UIInterfaceOrientationPortraitUpsideDown UIInterfaceOrientationLandscapeLeft UIInterfaceOrientationLandscapeRight";
				INFOPLIST_KEY_UISupportedInterfaceOrientations_iPhone = "UIInterfaceOrientationPortrait UIInterfaceOrientationLandscapeLeft UIInterfaceOrientationLandscapeRight";
				LD_RUNPATH_SEARCH_PATHS = (
					"$(inherited)",
					"@executable_path/Frameworks",
				);
				MARKETING_VERSION = 1.0;
				PRODUCT_BUNDLE_IDENTIFIER = pe.com.nttdata.moviesapp;
				PRODUCT_NAME = "$(TARGET_NAME)";
				SWIFT_EMIT_LOC_STRINGS = YES;
				SWIFT_VERSION = 5.0;
				TARGETED_DEVICE_FAMILY = "1,2";
			};
			name = Release;
		};
/* End XCBuildConfiguration section */

/* Begin XCConfigurationList section */
		A06F52AE2BE9BB9A007C7799 /* Build configuration list for PBXProject "moviesapp" */ = {
			isa = XCConfigurationList;
			buildConfigurations = (
				A06F52C52BE9BB9C007C7799 /* Debug */,
				A06F52C62BE9BB9C007C7799 /* Release */,
			);
			defaultConfigurationIsVisible = 0;
			defaultConfigurationName = Release;
		};
		A06F52C72BE9BB9C007C7799 /* Build configuration list for PBXNativeTarget "moviesapp" */ = {
			isa = XCConfigurationList;
			buildConfigurations = (
				A06F52C82BE9BB9C007C7799 /* Debug */,
				A06F52C92BE9BB9C007C7799 /* Release */,
			);
			defaultConfigurationIsVisible = 0;
			defaultConfigurationName = Release;
		};
/* End XCConfigurationList section */

/* Begin XCVersionGroup section */
		A06F53082BEB53D2007C7799 /* MovieDb.xcdatamodeld */ = {
			isa = XCVersionGroup;
			children = (
				A06F53092BEB53D2007C7799 /* MovieDb.xcdatamodel */,
			);
			currentVersion = A06F53092BEB53D2007C7799 /* MovieDb.xcdatamodel */;
			path = MovieDb.xcdatamodeld;
			sourceTree = "<group>";
			versionGroupType = wrapper.xcdatamodel;
		};
/* End XCVersionGroup section */
	};
	rootObject = A06F52AB2BE9BB9A007C7799 /* Project object */;
}
